// !$*UTF8*$!
{
	archiveVersion = 1;
	classes = {
	};
	objectVersion = 50;
	objects = {

/* Begin PBXBuildFile section */
		B9A4EE8625FC46CE0009DE1D /* AppDelegate.swift in Sources */ = {isa = PBXBuildFile; fileRef = B9A4EE8525FC46CE0009DE1D /* AppDelegate.swift */; };
		B9A4EE8825FC46CE0009DE1D /* SceneDelegate.swift in Sources */ = {isa = PBXBuildFile; fileRef = B9A4EE8725FC46CE0009DE1D /* SceneDelegate.swift */; };
		B9A4EE8A25FC46CE0009DE1D /* ViewController.swift in Sources */ = {isa = PBXBuildFile; fileRef = B9A4EE8925FC46CE0009DE1D /* ViewController.swift */; };
		B9A4EE8D25FC46CE0009DE1D /* Main.storyboard in Resources */ = {isa = PBXBuildFile; fileRef = B9A4EE8B25FC46CE0009DE1D /* Main.storyboard */; };
		B9A4EE8F25FC46D10009DE1D /* Assets.xcassets in Resources */ = {isa = PBXBuildFile; fileRef = B9A4EE8E25FC46D10009DE1D /* Assets.xcassets */; };
		B9A4EE9225FC46D10009DE1D /* LaunchScreen.storyboard in Resources */ = {isa = PBXBuildFile; fileRef = B9A4EE9025FC46D10009DE1D /* LaunchScreen.storyboard */; };
		B9F7293925FDD62900C05BC8 /* spain@2x.png in Resources */ = {isa = PBXBuildFile; fileRef = B9F7292125FDD62900C05BC8 /* spain@2x.png */; };
		B9F7293A25FDD62900C05BC8 /* nigeria@2x.png in Resources */ = {isa = PBXBuildFile; fileRef = B9F7292225FDD62900C05BC8 /* nigeria@2x.png */; };
		B9F7293B25FDD62900C05BC8 /* nigeria@3x.png in Resources */ = {isa = PBXBuildFile; fileRef = B9F7292325FDD62900C05BC8 /* nigeria@3x.png */; };
		B9F7293C25FDD62900C05BC8 /* spain@3x.png in Resources */ = {isa = PBXBuildFile; fileRef = B9F7292425FDD62900C05BC8 /* spain@3x.png */; };
		B9F7293D25FDD62900C05BC8 /* italy@3x.png in Resources */ = {isa = PBXBuildFile; fileRef = B9F7292525FDD62900C05BC8 /* italy@3x.png */; };
		B9F7293E25FDD62900C05BC8 /* ireland@2x.png in Resources */ = {isa = PBXBuildFile; fileRef = B9F7292625FDD62900C05BC8 /* ireland@2x.png */; };
		B9F7293F25FDD62900C05BC8 /* germany@3x.png in Resources */ = {isa = PBXBuildFile; fileRef = B9F7292725FDD62900C05BC8 /* germany@3x.png */; };
		B9F7294025FDD62900C05BC8 /* germany@2x.png in Resources */ = {isa = PBXBuildFile; fileRef = B9F7292825FDD62900C05BC8 /* germany@2x.png */; };
		B9F7294125FDD62900C05BC8 /* ireland@3x.png in Resources */ = {isa = PBXBuildFile; fileRef = B9F7292925FDD62900C05BC8 /* ireland@3x.png */; };
		B9F7294225FDD62900C05BC8 /* italy@2x.png in Resources */ = {isa = PBXBuildFile; fileRef = B9F7292A25FDD62900C05BC8 /* italy@2x.png */; };
		B9F7294325FDD62900C05BC8 /* poland@2x.png in Resources */ = {isa = PBXBuildFile; fileRef = B9F7292B25FDD62900C05BC8 /* poland@2x.png */; };
		B9F7294425FDD62900C05BC8 /* russia@2x.png in Resources */ = {isa = PBXBuildFile; fileRef = B9F7292C25FDD62900C05BC8 /* russia@2x.png */; };
		B9F7294525FDD62900C05BC8 /* estonia@2x.png in Resources */ = {isa = PBXBuildFile; fileRef = B9F7292D25FDD62900C05BC8 /* estonia@2x.png */; };
		B9F7294625FDD62900C05BC8 /* estonia@3x.png in Resources */ = {isa = PBXBuildFile; fileRef = B9F7292E25FDD62900C05BC8 /* estonia@3x.png */; };
		B9F7294725FDD62900C05BC8 /* russia@3x.png in Resources */ = {isa = PBXBuildFile; fileRef = B9F7292F25FDD62900C05BC8 /* russia@3x.png */; };
		B9F7294825FDD62900C05BC8 /* poland@3x.png in Resources */ = {isa = PBXBuildFile; fileRef = B9F7293025FDD62900C05BC8 /* poland@3x.png */; };
		B9F7294925FDD62900C05BC8 /* uk@3x.png in Resources */ = {isa = PBXBuildFile; fileRef = B9F7293125FDD62900C05BC8 /* uk@3x.png */; };
		B9F7294A25FDD62900C05BC8 /* us@3x.png in Resources */ = {isa = PBXBuildFile; fileRef = B9F7293225FDD62900C05BC8 /* us@3x.png */; };
		B9F7294B25FDD62900C05BC8 /* france@3x.png in Resources */ = {isa = PBXBuildFile; fileRef = B9F7293325FDD62900C05BC8 /* france@3x.png */; };
		B9F7294C25FDD62900C05BC8 /* monaco@2x.png in Resources */ = {isa = PBXBuildFile; fileRef = B9F7293425FDD62900C05BC8 /* monaco@2x.png */; };
		B9F7294D25FDD62900C05BC8 /* monaco@3x.png in Resources */ = {isa = PBXBuildFile; fileRef = B9F7293525FDD62900C05BC8 /* monaco@3x.png */; };
		B9F7294E25FDD62900C05BC8 /* france@2x.png in Resources */ = {isa = PBXBuildFile; fileRef = B9F7293625FDD62900C05BC8 /* france@2x.png */; };
		B9F7294F25FDD62900C05BC8 /* us@2x.png in Resources */ = {isa = PBXBuildFile; fileRef = B9F7293725FDD62900C05BC8 /* us@2x.png */; };
		B9F7295025FDD62900C05BC8 /* uk@2x.png in Resources */ = {isa = PBXBuildFile; fileRef = B9F7293825FDD62900C05BC8 /* uk@2x.png */; };
		B9F7295325FE887E00C05BC8 /* DetailViewController.swift in Sources */ = {isa = PBXBuildFile; fileRef = B9F7295225FE887E00C05BC8 /* DetailViewController.swift */; };
/* End PBXBuildFile section */

/* Begin PBXFileReference section */
		B9A4EE8225FC46CE0009DE1D /* Project 3.5.app */ = {isa = PBXFileReference; explicitFileType = wrapper.application; includeInIndex = 0; path = "Project 3.5.app"; sourceTree = BUILT_PRODUCTS_DIR; };
		B9A4EE8525FC46CE0009DE1D /* AppDelegate.swift */ = {isa = PBXFileReference; lastKnownFileType = sourcecode.swift; path = AppDelegate.swift; sourceTree = "<group>"; };
		B9A4EE8725FC46CE0009DE1D /* SceneDelegate.swift */ = {isa = PBXFileReference; lastKnownFileType = sourcecode.swift; path = SceneDelegate.swift; sourceTree = "<group>"; };
		B9A4EE8925FC46CE0009DE1D /* ViewController.swift */ = {isa = PBXFileReference; lastKnownFileType = sourcecode.swift; path = ViewController.swift; sourceTree = "<group>"; };
		B9A4EE8C25FC46CE0009DE1D /* Base */ = {isa = PBXFileReference; lastKnownFileType = file.storyboard; name = Base; path = Base.lproj/Main.storyboard; sourceTree = "<group>"; };
		B9A4EE8E25FC46D10009DE1D /* Assets.xcassets */ = {isa = PBXFileReference; lastKnownFileType = folder.assetcatalog; path = Assets.xcassets; sourceTree = "<group>"; };
		B9A4EE9125FC46D10009DE1D /* Base */ = {isa = PBXFileReference; lastKnownFileType = file.storyboard; name = Base; path = Base.lproj/LaunchScreen.storyboard; sourceTree = "<group>"; };
		B9A4EE9325FC46D10009DE1D /* Info.plist */ = {isa = PBXFileReference; lastKnownFileType = text.plist.xml; path = Info.plist; sourceTree = "<group>"; };
		B9F7292125FDD62900C05BC8 /* spain@2x.png */ = {isa = PBXFileReference; lastKnownFileType = image.png; path = "spain@2x.png"; sourceTree = "<group>"; };
		B9F7292225FDD62900C05BC8 /* nigeria@2x.png */ = {isa = PBXFileReference; lastKnownFileType = image.png; path = "nigeria@2x.png"; sourceTree = "<group>"; };
		B9F7292325FDD62900C05BC8 /* nigeria@3x.png */ = {isa = PBXFileReference; lastKnownFileType = image.png; path = "nigeria@3x.png"; sourceTree = "<group>"; };
		B9F7292425FDD62900C05BC8 /* spain@3x.png */ = {isa = PBXFileReference; lastKnownFileType = image.png; path = "spain@3x.png"; sourceTree = "<group>"; };
		B9F7292525FDD62900C05BC8 /* italy@3x.png */ = {isa = PBXFileReference; lastKnownFileType = image.png; path = "italy@3x.png"; sourceTree = "<group>"; };
		B9F7292625FDD62900C05BC8 /* ireland@2x.png */ = {isa = PBXFileReference; lastKnownFileType = image.png; path = "ireland@2x.png"; sourceTree = "<group>"; };
		B9F7292725FDD62900C05BC8 /* germany@3x.png */ = {isa = PBXFileReference; lastKnownFileType = image.png; path = "germany@3x.png"; sourceTree = "<group>"; };
		B9F7292825FDD62900C05BC8 /* germany@2x.png */ = {isa = PBXFileReference; lastKnownFileType = image.png; path = "germany@2x.png"; sourceTree = "<group>"; };
		B9F7292925FDD62900C05BC8 /* ireland@3x.png */ = {isa = PBXFileReference; lastKnownFileType = image.png; path = "ireland@3x.png"; sourceTree = "<group>"; };
		B9F7292A25FDD62900C05BC8 /* italy@2x.png */ = {isa = PBXFileReference; lastKnownFileType = image.png; path = "italy@2x.png"; sourceTree = "<group>"; };
		B9F7292B25FDD62900C05BC8 /* poland@2x.png */ = {isa = PBXFileReference; lastKnownFileType = image.png; path = "poland@2x.png"; sourceTree = "<group>"; };
		B9F7292C25FDD62900C05BC8 /* russia@2x.png */ = {isa = PBXFileReference; lastKnownFileType = image.png; path = "russia@2x.png"; sourceTree = "<group>"; };
		B9F7292D25FDD62900C05BC8 /* estonia@2x.png */ = {isa = PBXFileReference; lastKnownFileType = image.png; path = "estonia@2x.png"; sourceTree = "<group>"; };
		B9F7292E25FDD62900C05BC8 /* estonia@3x.png */ = {isa = PBXFileReference; lastKnownFileType = image.png; path = "estonia@3x.png"; sourceTree = "<group>"; };
		B9F7292F25FDD62900C05BC8 /* russia@3x.png */ = {isa = PBXFileReference; lastKnownFileType = image.png; path = "russia@3x.png"; sourceTree = "<group>"; };
		B9F7293025FDD62900C05BC8 /* poland@3x.png */ = {isa = PBXFileReference; lastKnownFileType = image.png; path = "poland@3x.png"; sourceTree = "<group>"; };
		B9F7293125FDD62900C05BC8 /* uk@3x.png */ = {isa = PBXFileReference; lastKnownFileType = image.png; path = "uk@3x.png"; sourceTree = "<group>"; };
		B9F7293225FDD62900C05BC8 /* us@3x.png */ = {isa = PBXFileReference; lastKnownFileType = image.png; path = "us@3x.png"; sourceTree = "<group>"; };
		B9F7293325FDD62900C05BC8 /* france@3x.png */ = {isa = PBXFileReference; lastKnownFileType = image.png; path = "france@3x.png"; sourceTree = "<group>"; };
		B9F7293425FDD62900C05BC8 /* monaco@2x.png */ = {isa = PBXFileReference; lastKnownFileType = image.png; path = "monaco@2x.png"; sourceTree = "<group>"; };
		B9F7293525FDD62900C05BC8 /* monaco@3x.png */ = {isa = PBXFileReference; lastKnownFileType = image.png; path = "monaco@3x.png"; sourceTree = "<group>"; };
		B9F7293625FDD62900C05BC8 /* france@2x.png */ = {isa = PBXFileReference; lastKnownFileType = image.png; path = "france@2x.png"; sourceTree = "<group>"; };
		B9F7293725FDD62900C05BC8 /* us@2x.png */ = {isa = PBXFileReference; lastKnownFileType = image.png; path = "us@2x.png"; sourceTree = "<group>"; };
		B9F7293825FDD62900C05BC8 /* uk@2x.png */ = {isa = PBXFileReference; lastKnownFileType = image.png; path = "uk@2x.png"; sourceTree = "<group>"; };
		B9F7295225FE887E00C05BC8 /* DetailViewController.swift */ = {isa = PBXFileReference; lastKnownFileType = sourcecode.swift; path = DetailViewController.swift; sourceTree = "<group>"; };
/* End PBXFileReference section */

/* Begin PBXFrameworksBuildPhase section */
		B9A4EE7F25FC46CE0009DE1D /* Frameworks */ = {
			isa = PBXFrameworksBuildPhase;
			buildActionMask = 2147483647;
			files = (
			);
			runOnlyForDeploymentPostprocessing = 0;
		};
/* End PBXFrameworksBuildPhase section */

/* Begin PBXGroup section */
		B9A4EE7925FC46CE0009DE1D = {
			isa = PBXGroup;
			children = (
				B9A4EE8425FC46CE0009DE1D /* Project 4 */,
				B9A4EE8325FC46CE0009DE1D /* Products */,
			);
			sourceTree = "<group>";
		};
		B9A4EE8325FC46CE0009DE1D /* Products */ = {
			isa = PBXGroup;
			children = (
				B9A4EE8225FC46CE0009DE1D /* Project 3.5.app */,
			);
			name = Products;
			sourceTree = "<group>";
		};
		B9A4EE8425FC46CE0009DE1D /* Project 4 */ = {
			isa = PBXGroup;
			children = (
				B9A4EE8525FC46CE0009DE1D /* AppDelegate.swift */,
				B9A4EE8725FC46CE0009DE1D /* SceneDelegate.swift */,
				B9A4EE8925FC46CE0009DE1D /* ViewController.swift */,
				B9F7295225FE887E00C05BC8 /* DetailViewController.swift */,
				B9A4EE8B25FC46CE0009DE1D /* Main.storyboard */,
				B9A4EE8E25FC46D10009DE1D /* Assets.xcassets */,
				B9A4EE9025FC46D10009DE1D /* LaunchScreen.storyboard */,
				B9A4EE9325FC46D10009DE1D /* Info.plist */,
				B9F7292025FDD62900C05BC8 /* project2-files */,
			);
			path = "Project 4";
			sourceTree = "<group>";
		};
		B9F7292025FDD62900C05BC8 /* project2-files */ = {
			isa = PBXGroup;
			children = (
				B9F7292125FDD62900C05BC8 /* spain@2x.png */,
				B9F7292225FDD62900C05BC8 /* nigeria@2x.png */,
				B9F7292325FDD62900C05BC8 /* nigeria@3x.png */,
				B9F7292425FDD62900C05BC8 /* spain@3x.png */,
				B9F7292525FDD62900C05BC8 /* italy@3x.png */,
				B9F7292625FDD62900C05BC8 /* ireland@2x.png */,
				B9F7292725FDD62900C05BC8 /* germany@3x.png */,
				B9F7292825FDD62900C05BC8 /* germany@2x.png */,
				B9F7292925FDD62900C05BC8 /* ireland@3x.png */,
				B9F7292A25FDD62900C05BC8 /* italy@2x.png */,
				B9F7292B25FDD62900C05BC8 /* poland@2x.png */,
				B9F7292C25FDD62900C05BC8 /* russia@2x.png */,
				B9F7292D25FDD62900C05BC8 /* estonia@2x.png */,
				B9F7292E25FDD62900C05BC8 /* estonia@3x.png */,
				B9F7292F25FDD62900C05BC8 /* russia@3x.png */,
				B9F7293025FDD62900C05BC8 /* poland@3x.png */,
				B9F7293125FDD62900C05BC8 /* uk@3x.png */,
				B9F7293225FDD62900C05BC8 /* us@3x.png */,
				B9F7293325FDD62900C05BC8 /* france@3x.png */,
				B9F7293425FDD62900C05BC8 /* monaco@2x.png */,
				B9F7293525FDD62900C05BC8 /* monaco@3x.png */,
				B9F7293625FDD62900C05BC8 /* france@2x.png */,
				B9F7293725FDD62900C05BC8 /* us@2x.png */,
				B9F7293825FDD62900C05BC8 /* uk@2x.png */,
			);
			path = "project2-files";
			sourceTree = "<group>";
		};
/* End PBXGroup section */

/* Begin PBXNativeTarget section */
		B9A4EE8125FC46CE0009DE1D /* Project 3.5 */ = {
			isa = PBXNativeTarget;
			buildConfigurationList = B9A4EE9625FC46D10009DE1D /* Build configuration list for PBXNativeTarget "Project 3.5" */;
			buildPhases = (
				B9A4EE7E25FC46CE0009DE1D /* Sources */,
				B9A4EE7F25FC46CE0009DE1D /* Frameworks */,
				B9A4EE8025FC46CE0009DE1D /* Resources */,
			);
			buildRules = (
			);
			dependencies = (
			);
			name = "Project 3.5";
			productName = "Project 4";
			productReference = B9A4EE8225FC46CE0009DE1D /* Project 3.5.app */;
			productType = "com.apple.product-type.application";
		};
/* End PBXNativeTarget section */

/* Begin PBXProject section */
		B9A4EE7A25FC46CE0009DE1D /* Project object */ = {
			isa = PBXProject;
			attributes = {
				LastSwiftUpdateCheck = 1220;
				LastUpgradeCheck = 1220;
				TargetAttributes = {
					B9A4EE8125FC46CE0009DE1D = {
						CreatedOnToolsVersion = 12.2;
					};
				};
			};
			buildConfigurationList = B9A4EE7D25FC46CE0009DE1D /* Build configuration list for PBXProject "Project 3.5" */;
			compatibilityVersion = "Xcode 9.3";
			developmentRegion = en;
			hasScannedForEncodings = 0;
			knownRegions = (
				en,
				Base,
			);
			mainGroup = B9A4EE7925FC46CE0009DE1D;
			productRefGroup = B9A4EE8325FC46CE0009DE1D /* Products */;
			projectDirPath = "";
			projectRoot = "";
			targets = (
				B9A4EE8125FC46CE0009DE1D /* Project 3.5 */,
			);
		};
/* End PBXProject section */

/* Begin PBXResourcesBuildPhase section */
		B9A4EE8025FC46CE0009DE1D /* Resources */ = {
			isa = PBXResourcesBuildPhase;
			buildActionMask = 2147483647;
			files = (
				B9F7294D25FDD62900C05BC8 /* monaco@3x.png in Resources */,
				B9F7293A25FDD62900C05BC8 /* nigeria@2x.png in Resources */,
				B9F7294F25FDD62900C05BC8 /* us@2x.png in Resources */,
				B9F7293B25FDD62900C05BC8 /* nigeria@3x.png in Resources */,
				B9F7294825FDD62900C05BC8 /* poland@3x.png in Resources */,
				B9F7294925FDD62900C05BC8 /* uk@3x.png in Resources */,
				B9F7294E25FDD62900C05BC8 /* france@2x.png in Resources */,
				B9F7294225FDD62900C05BC8 /* italy@2x.png in Resources */,
				B9F7293925FDD62900C05BC8 /* spain@2x.png in Resources */,
				B9F7293F25FDD62900C05BC8 /* germany@3x.png in Resources */,
				B9A4EE9225FC46D10009DE1D /* LaunchScreen.storyboard in Resources */,
				B9F7294325FDD62900C05BC8 /* poland@2x.png in Resources */,
				B9A4EE8F25FC46D10009DE1D /* Assets.xcassets in Resources */,
				B9F7293D25FDD62900C05BC8 /* italy@3x.png in Resources */,
				B9F7294625FDD62900C05BC8 /* estonia@3x.png in Resources */,
				B9F7294C25FDD62900C05BC8 /* monaco@2x.png in Resources */,
				B9A4EE8D25FC46CE0009DE1D /* Main.storyboard in Resources */,
				B9F7293E25FDD62900C05BC8 /* ireland@2x.png in Resources */,
				B9F7294025FDD62900C05BC8 /* germany@2x.png in Resources */,
				B9F7294A25FDD62900C05BC8 /* us@3x.png in Resources */,
				B9F7293C25FDD62900C05BC8 /* spain@3x.png in Resources */,
				B9F7294425FDD62900C05BC8 /* russia@2x.png in Resources */,
				B9F7294525FDD62900C05BC8 /* estonia@2x.png in Resources */,
				B9F7294725FDD62900C05BC8 /* russia@3x.png in Resources */,
				B9F7295025FDD62900C05BC8 /* uk@2x.png in Resources */,
				B9F7294B25FDD62900C05BC8 /* france@3x.png in Resources */,
				B9F7294125FDD62900C05BC8 /* ireland@3x.png in Resources */,
			);
			runOnlyForDeploymentPostprocessing = 0;
		};
/* End PBXResourcesBuildPhase section */

/* Begin PBXSourcesBuildPhase section */
		B9A4EE7E25FC46CE0009DE1D /* Sources */ = {
			isa = PBXSourcesBuildPhase;
			buildActionMask = 2147483647;
			files = (
				B9A4EE8A25FC46CE0009DE1D /* ViewController.swift in Sources */,
				B9A4EE8625FC46CE0009DE1D /* AppDelegate.swift in Sources */,
				B9A4EE8825FC46CE0009DE1D /* SceneDelegate.swift in Sources */,
				B9F7295325FE887E00C05BC8 /* DetailViewController.swift in Sources */,
			);
			runOnlyForDeploymentPostprocessing = 0;
		};
/* End PBXSourcesBuildPhase section */

/* Begin PBXVariantGroup section */
		B9A4EE8B25FC46CE0009DE1D /* Main.storyboard */ = {
			isa = PBXVariantGroup;
			children = (
				B9A4EE8C25FC46CE0009DE1D /* Base */,
			);
			name = Main.storyboard;
			sourceTree = "<group>";
		};
		B9A4EE9025FC46D10009DE1D /* LaunchScreen.storyboard */ = {
			isa = PBXVariantGroup;
			children = (
				B9A4EE9125FC46D10009DE1D /* Base */,
			);
			name = LaunchScreen.storyboard;
			sourceTree = "<group>";
		};
/* End PBXVariantGroup section */

/* Begin XCBuildConfiguration section */
		B9A4EE9425FC46D10009DE1D /* Debug */ = {
			isa = XCBuildConfiguration;
			buildSettings = {
				ALWAYS_SEARCH_USER_PATHS = NO;
				CLANG_ANALYZER_NONNULL = YES;
				CLANG_ANALYZER_NUMBER_OBJECT_CONVERSION = YES_AGGRESSIVE;
				CLANG_CXX_LANGUAGE_STANDARD = "gnu++14";
				CLANG_CXX_LIBRARY = "libc++";
				CLANG_ENABLE_MODULES = YES;
				CLANG_ENABLE_OBJC_ARC = YES;
				CLANG_ENABLE_OBJC_WEAK = YES;
				CLANG_WARN_BLOCK_CAPTURE_AUTORELEASING = YES;
				CLANG_WARN_BOOL_CONVERSION = YES;
				CLANG_WARN_COMMA = YES;
				CLANG_WARN_CONSTANT_CONVERSION = YES;
				CLANG_WARN_DEPRECATED_OBJC_IMPLEMENTATIONS = YES;
				CLANG_WARN_DIRECT_OBJC_ISA_USAGE = YES_ERROR;
				CLANG_WARN_DOCUMENTATION_COMMENTS = YES;
				CLANG_WARN_EMPTY_BODY = YES;
				CLANG_WARN_ENUM_CONVERSION = YES;
				CLANG_WARN_INFINITE_RECURSION = YES;
				CLANG_WARN_INT_CONVERSION = YES;
				CLANG_WARN_NON_LITERAL_NULL_CONVERSION = YES;
				CLANG_WARN_OBJC_IMPLICIT_RETAIN_SELF = YES;
				CLANG_WARN_OBJC_LITERAL_CONVERSION = YES;
				CLANG_WARN_OBJC_ROOT_CLASS = YES_ERROR;
				CLANG_WARN_QUOTED_INCLUDE_IN_FRAMEWORK_HEADER = YES;
				CLANG_WARN_RANGE_LOOP_ANALYSIS = YES;
				CLANG_WARN_STRICT_PROTOTYPES = YES;
				CLANG_WARN_SUSPICIOUS_MOVE = YES;
				CLANG_WARN_UNGUARDED_AVAILABILITY = YES_AGGRESSIVE;
				CLANG_WARN_UNREACHABLE_CODE = YES;
				CLANG_WARN__DUPLICATE_METHOD_MATCH = YES;
				COPY_PHASE_STRIP = NO;
				DEBUG_INFORMATION_FORMAT = dwarf;
				ENABLE_STRICT_OBJC_MSGSEND = YES;
				ENABLE_TESTABILITY = YES;
				GCC_C_LANGUAGE_STANDARD = gnu11;
				GCC_DYNAMIC_NO_PIC = NO;
				GCC_NO_COMMON_BLOCKS = YES;
				GCC_OPTIMIZATION_LEVEL = 0;
				GCC_PREPROCESSOR_DEFINITIONS = (
					"DEBUG=1",
					"$(inherited)",
				);
				GCC_WARN_64_TO_32_BIT_CONVERSION = YES;
				GCC_WARN_ABOUT_RETURN_TYPE = YES_ERROR;
				GCC_WARN_UNDECLARED_SELECTOR = YES;
				GCC_WARN_UNINITIALIZED_AUTOS = YES_AGGRESSIVE;
				GCC_WARN_UNUSED_FUNCTION = YES;
				GCC_WARN_UNUSED_VARIABLE = YES;
				IPHONEOS_DEPLOYMENT_TARGET = 14.2;
				MTL_ENABLE_DEBUG_INFO = INCLUDE_SOURCE;
				MTL_FAST_MATH = YES;
				ONLY_ACTIVE_ARCH = YES;
				SDKROOT = iphoneos;
				SWIFT_ACTIVE_COMPILATION_CONDITIONS = DEBUG;
				SWIFT_OPTIMIZATION_LEVEL = "-Onone";
			};
			name = Debug;
		};
		B9A4EE9525FC46D10009DE1D /* Release */ = {
			isa = XCBuildConfiguration;
			buildSettings = {
				ALWAYS_SEARCH_USER_PATHS = NO;
				CLANG_ANALYZER_NONNULL = YES;
				CLANG_ANALYZER_NUMBER_OBJECT_CONVERSION = YES_AGGRESSIVE;
				CLANG_CXX_LANGUAGE_STANDARD = "gnu++14";
				CLANG_CXX_LIBRARY = "libc++";
				CLANG_ENABLE_MODULES = YES;
				CLANG_ENABLE_OBJC_ARC = YES;
				CLANG_ENABLE_OBJC_WEAK = YES;
				CLANG_WARN_BLOCK_CAPTURE_AUTORELEASING = YES;
				CLANG_WARN_BOOL_CONVERSION = YES;
				CLANG_WARN_COMMA = YES;
				CLANG_WARN_CONSTANT_CONVERSION = YES;
				CLANG_WARN_DEPRECATED_OBJC_IMPLEMENTATIONS = YES;
				CLANG_WARN_DIRECT_OBJC_ISA_USAGE = YES_ERROR;
				CLANG_WARN_DOCUMENTATION_COMMENTS = YES;
				CLANG_WARN_EMPTY_BODY = YES;
				CLANG_WARN_ENUM_CONVERSION = YES;
				CLANG_WARN_INFINITE_RECURSION = YES;
				CLANG_WARN_INT_CONVERSION = YES;
				CLANG_WARN_NON_LITERAL_NULL_CONVERSION = YES;
				CLANG_WARN_OBJC_IMPLICIT_RETAIN_SELF = YES;
				CLANG_WARN_OBJC_LITERAL_CONVERSION = YES;
				CLANG_WARN_OBJC_ROOT_CLASS = YES_ERROR;
				CLANG_WARN_QUOTED_INCLUDE_IN_FRAMEWORK_HEADER = YES;
				CLANG_WARN_RANGE_LOOP_ANALYSIS = YES;
				CLANG_WARN_STRICT_PROTOTYPES = YES;
				CLANG_WARN_SUSPICIOUS_MOVE = YES;
				CLANG_WARN_UNGUARDED_AVAILABILITY = YES_AGGRESSIVE;
				CLANG_WARN_UNREACHABLE_CODE = YES;
				CLANG_WARN__DUPLICATE_METHOD_MATCH = YES;
				COPY_PHASE_STRIP = NO;
				DEBUG_INFORMATION_FORMAT = "dwarf-with-dsym";
				ENABLE_NS_ASSERTIONS = NO;
				ENABLE_STRICT_OBJC_MSGSEND = YES;
				GCC_C_LANGUAGE_STANDARD = gnu11;
				GCC_NO_COMMON_BLOCKS = YES;
				GCC_WARN_64_TO_32_BIT_CONVERSION = YES;
				GCC_WARN_ABOUT_RETURN_TYPE = YES_ERROR;
				GCC_WARN_UNDECLARED_SELECTOR = YES;
				GCC_WARN_UNINITIALIZED_AUTOS = YES_AGGRESSIVE;
				GCC_WARN_UNUSED_FUNCTION = YES;
				GCC_WARN_UNUSED_VARIABLE = YES;
				IPHONEOS_DEPLOYMENT_TARGET = 14.2;
				MTL_ENABLE_DEBUG_INFO = NO;
				MTL_FAST_MATH = YES;
				SDKROOT = iphoneos;
				SWIFT_COMPILATION_MODE = wholemodule;
				SWIFT_OPTIMIZATION_LEVEL = "-O";
				VALIDATE_PRODUCT = YES;
			};
			name = Release;
		};
		B9A4EE9725FC46D10009DE1D /* Debug */ = {
			isa = XCBuildConfiguration;
			buildSettings = {
				ASSETCATALOG_COMPILER_APPICON_NAME = AppIcon;
				ASSETCATALOG_COMPILER_GLOBAL_ACCENT_COLOR_NAME = AccentColor;
				CODE_SIGN_STYLE = Automatic;
				INFOPLIST_FILE = "Project 4/Info.plist";
				LD_RUNPATH_SEARCH_PATHS = (
					"$(inherited)",
					"@executable_path/Frameworks",
				);
				PRODUCT_BUNDLE_IDENTIFIER = "com.example1.Project-4";
				PRODUCT_NAME = "$(TARGET_NAME)";
				SWIFT_VERSION = 5.0;
				TARGETED_DEVICE_FAMILY = "1,2";
			};
			name = Debug;
		};
		B9A4EE9825FC46D10009DE1D /* Release */ = {
			isa = XCBuildConfiguration;
			buildSettings = {
				ASSETCATALOG_COMPILER_APPICON_NAME = AppIcon;
				ASSETCATALOG_COMPILER_GLOBAL_ACCENT_COLOR_NAME = AccentColor;
				CODE_SIGN_STYLE = Automatic;
				INFOPLIST_FILE = "Project 4/Info.plist";
				LD_RUNPATH_SEARCH_PATHS = (
					"$(inherited)",
					"@executable_path/Frameworks",
				);
				PRODUCT_BUNDLE_IDENTIFIER = "com.example1.Project-4";
				PRODUCT_NAME = "$(TARGET_NAME)";
				SWIFT_VERSION = 5.0;
				TARGETED_DEVICE_FAMILY = "1,2";
			};
			name = Release;
		};
/* End XCBuildConfiguration section */

/* Begin XCConfigurationList section */
		B9A4EE7D25FC46CE0009DE1D /* Build configuration list for PBXProject "Project 3.5" */ = {
			isa = XCConfigurationList;
			buildConfigurations = (
				B9A4EE9425FC46D10009DE1D /* Debug */,
				B9A4EE9525FC46D10009DE1D /* Release */,
			);
			defaultConfigurationIsVisible = 0;
			defaultConfigurationName = Release;
		};
		B9A4EE9625FC46D10009DE1D /* Build configuration list for PBXNativeTarget "Project 3.5" */ = {
			isa = XCConfigurationList;
			buildConfigurations = (
				B9A4EE9725FC46D10009DE1D /* Debug */,
				B9A4EE9825FC46D10009DE1D /* Release */,
			);
			defaultConfigurationIsVisible = 0;
			defaultConfigurationName = Release;
		};
/* End XCConfigurationList section */
	};
	rootObject = B9A4EE7A25FC46CE0009DE1D /* Project object */;
}
